
Microsoft Visual Studio Solution File, Format Version 12.00
# Visual Studio Version 17
VisualStudioVersion = 17.2.32526.322
MinimumVisualStudioVersion = 10.0.40219.1
Project("{888F8BEF-D2AE-4AF3-8EA2-D8F0901C67E9}") = "fmp-xtc-luaenv-lib-mvcs", "fmp-xtc-luaenv-lib-mvcs\fmp-xtc-luaenv-lib-mvcs.csproj", "{6B52513F-E7DD-4276-902D-CBE3ED396EF0}"
EndProject
Project("{888F8BEF-D2AE-4AF3-8EA2-D8F0901C67E9}") = "fmp-xtc-luaenv-lib-mvcs_Test", "fmp-xtc-luaenv-lib-mvcs_Test\fmp-xtc-luaenv-lib-mvcs_Test.csproj", "{F20536AA-8664-4364-9195-42CD16B6AC3A}"
EndProject
Project("{888F8BEF-D2AE-4AF3-8EA2-D8F0901C67E9}") = "fmp-xtc-luaenv-lib-proto", "fmp-xtc-luaenv-lib-proto\fmp-xtc-luaenv-lib-proto.csproj", "{3835B6A3-1259-4C7C-822F-4710A524C1A5}"
EndProject
Project("{888F8BEF-D2AE-4AF3-8EA2-D8F0901C67E9}") = "fmp-xtc-luaenv-lib-bridge", "fmp-xtc-luaenv-lib-bridge\fmp-xtc-luaenv-lib-bridge.csproj", "{64ADD3E1-F58C-4778-A1DE-AB1DA96FA983}"
EndProject
Project("{888F8BEF-D2AE-4AF3-8EA2-D8F0901C67E9}") = "fmp-xtc-luaenv-lib-razor", "fmp-xtc-luaenv-lib-razor\fmp-xtc-luaenv-lib-razor.csproj", "{F4D4380A-75B9-482E-AF7D-FCC0334C025E}"
EndProject
Project("{888F8BEF-D2AE-4AF3-8EA2-D8F0901C67E9}") = "fmp-xtc-luaenv-service-grpc", "fmp-xtc-luaenv-service-grpc\fmp-xtc-luaenv-service-grpc.csproj", "{EF81468F-0388-4B4D-B845-04C4E1F1417C}"
EndProject
Project("{888F8BEF-D2AE-4AF3-8EA2-D8F0901C67E9}") = "fmp-xtc-luaenv-service-grpc_Test", "fmp-xtc-luaenv-service-grpc_Test\fmp-xtc-luaenv-service-grpc_Test.csproj", "{0CD29F67-C7D9-4BDF-9482-2DDF16D8D10A}"
EndProject
Project("{888F8BEF-D2AE-4AF3-8EA2-D8F0901C67E9}") = "fmp-xtc-luaenv-web-blazor", "fmp-xtc-luaenv-web-blazor\fmp-xtc-luaenv-web-blazor.csproj", "{92F7E55C-233E-4110-9CDE-F9CAD69E2727}"
EndProject
Global
	GlobalSection(SolutionConfigurationPlatforms) = preSolution
		Debug|Any CPU = Debug|Any CPU
		Release|Any CPU = Release|Any CPU
	EndGlobalSection
	GlobalSection(ProjectConfigurationPlatforms) = postSolution
                {6B52513F-E7DD-4276-902D-CBE3ED396EF0}.Debug|Any CPU.ActiveCfg = Debug|Any CPU
		{6B52513F-E7DD-4276-902D-CBE3ED396EF0}.Debug|Any CPU.Build.0 = Debug|Any CPU
		{6B52513F-E7DD-4276-902D-CBE3ED396EF0}.Release|Any CPU.ActiveCfg = Release|Any CPU
		{6B52513F-E7DD-4276-902D-CBE3ED396EF0}.Release|Any CPU.Build.0 = Release|Any CPU
		{F20536AA-8664-4364-9195-42CD16B6AC3A}.Debug|Any CPU.ActiveCfg = Debug|Any CPU
		{F20536AA-8664-4364-9195-42CD16B6AC3A}.Debug|Any CPU.Build.0 = Debug|Any CPU
		{F20536AA-8664-4364-9195-42CD16B6AC3A}.Release|Any CPU.ActiveCfg = Release|Any CPU
		{F20536AA-8664-4364-9195-42CD16B6AC3A}.Release|Any CPU.Build.0 = Release|Any CPU
		{3835B6A3-1259-4C7C-822F-4710A524C1A5}.Debug|Any CPU.ActiveCfg = Debug|Any CPU
		{3835B6A3-1259-4C7C-822F-4710A524C1A5}.Debug|Any CPU.Build.0 = Debug|Any CPU
		{3835B6A3-1259-4C7C-822F-4710A524C1A5}.Release|Any CPU.ActiveCfg = Release|Any CPU
		{3835B6A3-1259-4C7C-822F-4710A524C1A5}.Release|Any CPU.Build.0 = Release|Any CPU
		{EF81468F-0388-4B4D-B845-04C4E1F1417C}.Debug|Any CPU.ActiveCfg = Debug|Any CPU
		{EF81468F-0388-4B4D-B845-04C4E1F1417C}.Debug|Any CPU.Build.0 = Debug|Any CPU
		{EF81468F-0388-4B4D-B845-04C4E1F1417C}.Release|Any CPU.ActiveCfg = Release|Any CPU
		{EF81468F-0388-4B4D-B845-04C4E1F1417C}.Release|Any CPU.Build.0 = Release|Any CPU
		{64ADD3E1-F58C-4778-A1DE-AB1DA96FA983}.Debug|Any CPU.ActiveCfg = Debug|Any CPU
		{64ADD3E1-F58C-4778-A1DE-AB1DA96FA983}.Debug|Any CPU.Build.0 = Debug|Any CPU
		{64ADD3E1-F58C-4778-A1DE-AB1DA96FA983}.Release|Any CPU.ActiveCfg = Release|Any CPU
		{64ADD3E1-F58C-4778-A1DE-AB1DA96FA983}.Release|Any CPU.Build.0 = Release|Any CPU
		{92F7E55C-233E-4110-9CDE-F9CAD69E2727}.Debug|Any CPU.ActiveCfg = Debug|Any CPU
		{92F7E55C-233E-4110-9CDE-F9CAD69E2727}.Debug|Any CPU.Build.0 = Debug|Any CPU
		{92F7E55C-233E-4110-9CDE-F9CAD69E2727}.Release|Any CPU.ActiveCfg = Release|Any CPU
		{92F7E55C-233E-4110-9CDE-F9CAD69E2727}.Release|Any CPU.Build.0 = Release|Any CPU
		{F4D4380A-75B9-482E-AF7D-FCC0334C025E}.Debug|Any CPU.ActiveCfg = Debug|Any CPU
		{F4D4380A-75B9-482E-AF7D-FCC0334C025E}.Debug|Any CPU.Build.0 = Debug|Any CPU
		{F4D4380A-75B9-482E-AF7D-FCC0334C025E}.Release|Any CPU.ActiveCfg = Release|Any CPU
		{F4D4380A-75B9-482E-AF7D-FCC0334C025E}.Release|Any CPU.Build.0 = Release|Any CPU
		{0CD29F67-C7D9-4BDF-9482-2DDF16D8D10A}.Debug|Any CPU.ActiveCfg = Debug|Any CPU
		{0CD29F67-C7D9-4BDF-9482-2DDF16D8D10A}.Debug|Any CPU.Build.0 = Debug|Any CPU
		{0CD29F67-C7D9-4BDF-9482-2DDF16D8D10A}.Release|Any CPU.ActiveCfg = Release|Any CPU
		{0CD29F67-C7D9-4BDF-9482-2DDF16D8D10A}.Release|Any CPU.Build.0 = Release|Any CPU
	EndGlobalSection
	GlobalSection(SolutionProperties) = preSolution
		HideSolutionNode = FALSE
	EndGlobalSection
	GlobalSection(ExtensibilityGlobals) = postSolution
		SolutionGuid = {888F8BEF-D2AE-4AF3-8EA2-D8F0901C67E9}
	EndGlobalSection
EndGlobal
